
Microsoft Visual Studio Solution File, Format Version 12.00
# Visual Studio 2013
VisualStudioVersion = 12.0.40629.0
MinimumVisualStudioVersion = 10.0.40219.1
Project("{FAE04EC0-301F-11D3-BF4B-00C04F79EFBC}") = "QuestionnaireCreator", "QuertionnaireCreator\QuestionnaireCreator.csproj", "{1F4253FB-3C7D-4814-92A9-42EE22C7DC8E}"
EndProject
Project("{FAE04EC0-301F-11D3-BF4B-00C04F79EFBC}") = "DAL", "DAL\DAL.csproj", "{72D10E91-BD91-427C-B3B5-BB32BDE1D8F7}"
EndProject
Project("{2150E333-8FDC-42A3-9474-1A3956D46DE8}") = "EXTRA", "EXTRA", "{D317F2DA-9712-4878-9ADF-6754B3A20B53}"
	ProjectSection(SolutionItems) = preProject
		..\..\..\..\Desktop\baza.png = ..\..\..\..\Desktop\baza.png
	EndProjectSection
EndProject
Global
	GlobalSection(SolutionConfigurationPlatforms) = preSolution
		Debug|Any CPU = Debug|Any CPU
		Release|Any CPU = Release|Any CPU
	EndGlobalSection
	GlobalSection(ProjectConfigurationPlatforms) = postSolution
		{1F4253FB-3C7D-4814-92A9-42EE22C7DC8E}.Debug|Any CPU.ActiveCfg = Debug|Any CPU
		{1F4253FB-3C7D-4814-92A9-42EE22C7DC8E}.Debug|Any CPU.Build.0 = Debug|Any CPU
		{1F4253FB-3C7D-4814-92A9-42EE22C7DC8E}.Release|Any CPU.ActiveCfg = Release|Any CPU
		{1F4253FB-3C7D-4814-92A9-42EE22C7DC8E}.Release|Any CPU.Build.0 = Release|Any CPU
		{72D10E91-BD91-427C-B3B5-BB32BDE1D8F7}.Debug|Any CPU.ActiveCfg = Debug|Any CPU
		{72D10E91-BD91-427C-B3B5-BB32BDE1D8F7}.Debug|Any CPU.Build.0 = Debug|Any CPU
		{72D10E91-BD91-427C-B3B5-BB32BDE1D8F7}.Release|Any CPU.ActiveCfg = Release|Any CPU
		{72D10E91-BD91-427C-B3B5-BB32BDE1D8F7}.Release|Any CPU.Build.0 = Release|Any CPU
	EndGlobalSection
	GlobalSection(SolutionProperties) = preSolution
		HideSolutionNode = FALSE
	EndGlobalSection
EndGlobal
